
Microsoft Visual Studio Solution File, Format Version 12.00
# Visual Studio Version 16
VisualStudioVersion = 16.0.29609.76
MinimumVisualStudioVersion = 10.0.40219.1
Project("{2150E333-8FDC-42A3-9474-1A3956D46DE8}") = "FWK", "FWK", "{2C7346B0-A378-4FF5-95CD-06BC662548DD}"
EndProject
Project("{2150E333-8FDC-42A3-9474-1A3956D46DE8}") = "API", "API", "{0C344171-7B20-4F53-AA05-E6FB76DCCD43}"
EndProject
Project("{2150E333-8FDC-42A3-9474-1A3956D46DE8}") = "1-Services", "1-Services", "{539BD3B6-3193-44DA-AD08-F5871DA09E23}"
EndProject
Project("{2150E333-8FDC-42A3-9474-1A3956D46DE8}") = "2-Application", "2-Application", "{DC484535-70B6-4B73-AE46-332E862A7DA8}"
EndProject
Project("{2150E333-8FDC-42A3-9474-1A3956D46DE8}") = "3-Domain", "3-Domain", "{D44C9953-B9C2-48F3-9749-FE1570855397}"
EndProject
Project("{2150E333-8FDC-42A3-9474-1A3956D46DE8}") = "4.Infra", "4.Infra", "{457FCA91-1682-40D9-A1BF-F3F475985E6E}"
EndProject
Project("{2150E333-8FDC-42A3-9474-1A3956D46DE8}") = "1-Services", "1-Services", "{6E99B435-B3E6-4D11-A963-976B927B96C6}"
EndProject
Project("{2150E333-8FDC-42A3-9474-1A3956D46DE8}") = "2-Application", "2-Application", "{A78E9A0C-C5D8-4746-83BC-3F7793422B29}"
EndProject
Project("{2150E333-8FDC-42A3-9474-1A3956D46DE8}") = "3-Domain", "3-Domain", "{8FADCF83-E0F2-4CB9-91C6-0F8CB933E51B}"
EndProject
Project("{2150E333-8FDC-42A3-9474-1A3956D46DE8}") = "4-Infra", "4-Infra", "{68A92B07-A08A-4208-94A2-A69BF5249437}"
EndProject
Project("{FAE04EC0-301F-11D3-BF4B-00C04F79EFBC}") = "HP.FWK.ApiService", "..\HP.FWK.ApiService\HP.FWK.ApiService.csproj", "{FECBA19A-2AAE-4F0A-A5F6-8376E51F1446}"
EndProject
Project("{FAE04EC0-301F-11D3-BF4B-00C04F79EFBC}") = "HP.FWK.AppService", "..\HP.FWK.AppService\HP.FWK.AppService.csproj", "{681E54F6-6B8D-456A-BD06-81D1956286E5}"
EndProject
Project("{FAE04EC0-301F-11D3-BF4B-00C04F79EFBC}") = "HP.FWK.Domain_Std", "..\HP.FWK.Domain_Std\HP.FWK.Domain_Std.csproj", "{EC27F8C2-3221-420B-B9DF-F044AE2F508F}"
EndProject
Project("{FAE04EC0-301F-11D3-BF4B-00C04F79EFBC}") = "HP.FWK.STD", "..\HP.FWK.STD\HP.FWK.STD.csproj", "{250B16E8-3855-4681-9A09-35DD8046575A}"
EndProject
Project("{FAE04EC0-301F-11D3-BF4B-00C04F79EFBC}") = "HP.FWK.Infra.Data", "..\HP.FWK.Infra.Data\HP.FWK.Infra.Data.csproj", "{88D87FD8-EB14-4E77-8A12-83ACB3B82EA2}"
EndProject
Global
	GlobalSection(SolutionConfigurationPlatforms) = preSolution
		Debug|Any CPU = Debug|Any CPU
		Release|Any CPU = Release|Any CPU
	EndGlobalSection
	GlobalSection(ProjectConfigurationPlatforms) = postSolution
		{FECBA19A-2AAE-4F0A-A5F6-8376E51F1446}.Debug|Any CPU.ActiveCfg = Debug|Any CPU
		{FECBA19A-2AAE-4F0A-A5F6-8376E51F1446}.Debug|Any CPU.Build.0 = Debug|Any CPU
		{FECBA19A-2AAE-4F0A-A5F6-8376E51F1446}.Release|Any CPU.ActiveCfg = Release|Any CPU
		{FECBA19A-2AAE-4F0A-A5F6-8376E51F1446}.Release|Any CPU.Build.0 = Release|Any CPU
		{681E54F6-6B8D-456A-BD06-81D1956286E5}.Debug|Any CPU.ActiveCfg = Debug|Any CPU
		{681E54F6-6B8D-456A-BD06-81D1956286E5}.Debug|Any CPU.Build.0 = Debug|Any CPU
		{681E54F6-6B8D-456A-BD06-81D1956286E5}.Release|Any CPU.ActiveCfg = Release|Any CPU
		{681E54F6-6B8D-456A-BD06-81D1956286E5}.Release|Any CPU.Build.0 = Release|Any CPU
		{EC27F8C2-3221-420B-B9DF-F044AE2F508F}.Debug|Any CPU.ActiveCfg = Debug|Any CPU
		{EC27F8C2-3221-420B-B9DF-F044AE2F508F}.Debug|Any CPU.Build.0 = Debug|Any CPU
		{EC27F8C2-3221-420B-B9DF-F044AE2F508F}.Release|Any CPU.ActiveCfg = Release|Any CPU
		{EC27F8C2-3221-420B-B9DF-F044AE2F508F}.Release|Any CPU.Build.0 = Release|Any CPU
		{250B16E8-3855-4681-9A09-35DD8046575A}.Debug|Any CPU.ActiveCfg = Debug|Any CPU
		{250B16E8-3855-4681-9A09-35DD8046575A}.Debug|Any CPU.Build.0 = Debug|Any CPU
		{250B16E8-3855-4681-9A09-35DD8046575A}.Release|Any CPU.ActiveCfg = Release|Any CPU
		{250B16E8-3855-4681-9A09-35DD8046575A}.Release|Any CPU.Build.0 = Release|Any CPU
		{88D87FD8-EB14-4E77-8A12-83ACB3B82EA2}.Debug|Any CPU.ActiveCfg = Debug|Any CPU
		{88D87FD8-EB14-4E77-8A12-83ACB3B82EA2}.Debug|Any CPU.Build.0 = Debug|Any CPU
		{88D87FD8-EB14-4E77-8A12-83ACB3B82EA2}.Release|Any CPU.ActiveCfg = Release|Any CPU
		{88D87FD8-EB14-4E77-8A12-83ACB3B82EA2}.Release|Any CPU.Build.0 = Release|Any CPU
	EndGlobalSection
	GlobalSection(SolutionProperties) = preSolution
		HideSolutionNode = FALSE
	EndGlobalSection
	GlobalSection(NestedProjects) = preSolution
		{539BD3B6-3193-44DA-AD08-F5871DA09E23} = {0C344171-7B20-4F53-AA05-E6FB76DCCD43}
		{DC484535-70B6-4B73-AE46-332E862A7DA8} = {0C344171-7B20-4F53-AA05-E6FB76DCCD43}
		{D44C9953-B9C2-48F3-9749-FE1570855397} = {0C344171-7B20-4F53-AA05-E6FB76DCCD43}
		{457FCA91-1682-40D9-A1BF-F3F475985E6E} = {0C344171-7B20-4F53-AA05-E6FB76DCCD43}
		{6E99B435-B3E6-4D11-A963-976B927B96C6} = {2C7346B0-A378-4FF5-95CD-06BC662548DD}
		{A78E9A0C-C5D8-4746-83BC-3F7793422B29} = {2C7346B0-A378-4FF5-95CD-06BC662548DD}
		{8FADCF83-E0F2-4CB9-91C6-0F8CB933E51B} = {2C7346B0-A378-4FF5-95CD-06BC662548DD}
		{68A92B07-A08A-4208-94A2-A69BF5249437} = {2C7346B0-A378-4FF5-95CD-06BC662548DD}
		{FECBA19A-2AAE-4F0A-A5F6-8376E51F1446} = {6E99B435-B3E6-4D11-A963-976B927B96C6}
		{681E54F6-6B8D-456A-BD06-81D1956286E5} = {A78E9A0C-C5D8-4746-83BC-3F7793422B29}
		{EC27F8C2-3221-420B-B9DF-F044AE2F508F} = {8FADCF83-E0F2-4CB9-91C6-0F8CB933E51B}
		{250B16E8-3855-4681-9A09-35DD8046575A} = {8FADCF83-E0F2-4CB9-91C6-0F8CB933E51B}
		{88D87FD8-EB14-4E77-8A12-83ACB3B82EA2} = {68A92B07-A08A-4208-94A2-A69BF5249437}
	EndGlobalSection
	GlobalSection(ExtensibilityGlobals) = postSolution
		SolutionGuid = {3A2928D4-53CC-476F-A4EC-BC94A83BC7E7}
	EndGlobalSection
EndGlobal
